
Microsoft Visual Studio Solution File, Format Version 12.00
# Visual Studio Version 17
VisualStudioVersion = 17.3.32519.111
MinimumVisualStudioVersion = 10.0.40219.1
Project("{9A19103F-16F7-4668-BE54-9A1E7A4F7556}") = "NicoKingdomManager", "NicoKingdomManager\NicoKingdomManager.csproj", "{A202A5EA-248B-411E-992B-75B97B25EAAB}"
EndProject
Project("{9A19103F-16F7-4668-BE54-9A1E7A4F7556}") = "NicoKingdomManager.BusinessLayer", "NicoKingdomManager.BusinessLayer\NicoKingdomManager.BusinessLayer.csproj", "{81CEE606-14D6-4C7A-975B-BC7183B88F04}"
EndProject
Project("{9A19103F-16F7-4668-BE54-9A1E7A4F7556}") = "NicoKingdomManager.DataAccessLayer", "NicoKingdomManager.DataAccessLayer\NicoKingdomManager.DataAccessLayer.csproj", "{F84B959F-4AF5-4BB5-B07C-4EFD2FB53248}"
EndProject
Project("{9A19103F-16F7-4668-BE54-9A1E7A4F7556}") = "NicoKingdomManager.Shared", "NicoKingdomManager.Shared\NicoKingdomManager.Shared.csproj", "{864191BD-E78E-4454-A53D-DD32EFB6CC76}"
EndProject
Project("{00D1A9C2-B5F0-4AF3-8072-F6C62B433612}") = "NicoKingdomManager.Database", "NicoKingdomManager.Database\NicoKingdomManager.Database.sqlproj", "{6B51320F-8EF8-4455-9247-238981061669}"
EndProject
Global
	GlobalSection(SolutionConfigurationPlatforms) = preSolution
		Debug|Any CPU = Debug|Any CPU
		Release|Any CPU = Release|Any CPU
	EndGlobalSection
	GlobalSection(ProjectConfigurationPlatforms) = postSolution
		{A202A5EA-248B-411E-992B-75B97B25EAAB}.Debug|Any CPU.ActiveCfg = Debug|Any CPU
		{A202A5EA-248B-411E-992B-75B97B25EAAB}.Debug|Any CPU.Build.0 = Debug|Any CPU
		{A202A5EA-248B-411E-992B-75B97B25EAAB}.Release|Any CPU.ActiveCfg = Release|Any CPU
		{A202A5EA-248B-411E-992B-75B97B25EAAB}.Release|Any CPU.Build.0 = Release|Any CPU
		{81CEE606-14D6-4C7A-975B-BC7183B88F04}.Debug|Any CPU.ActiveCfg = Debug|Any CPU
		{81CEE606-14D6-4C7A-975B-BC7183B88F04}.Debug|Any CPU.Build.0 = Debug|Any CPU
		{81CEE606-14D6-4C7A-975B-BC7183B88F04}.Release|Any CPU.ActiveCfg = Release|Any CPU
		{81CEE606-14D6-4C7A-975B-BC7183B88F04}.Release|Any CPU.Build.0 = Release|Any CPU
		{F84B959F-4AF5-4BB5-B07C-4EFD2FB53248}.Debug|Any CPU.ActiveCfg = Debug|Any CPU
		{F84B959F-4AF5-4BB5-B07C-4EFD2FB53248}.Debug|Any CPU.Build.0 = Debug|Any CPU
		{F84B959F-4AF5-4BB5-B07C-4EFD2FB53248}.Release|Any CPU.ActiveCfg = Release|Any CPU
		{F84B959F-4AF5-4BB5-B07C-4EFD2FB53248}.Release|Any CPU.Build.0 = Release|Any CPU
		{864191BD-E78E-4454-A53D-DD32EFB6CC76}.Debug|Any CPU.ActiveCfg = Debug|Any CPU
		{864191BD-E78E-4454-A53D-DD32EFB6CC76}.Debug|Any CPU.Build.0 = Debug|Any CPU
		{864191BD-E78E-4454-A53D-DD32EFB6CC76}.Release|Any CPU.ActiveCfg = Release|Any CPU
		{864191BD-E78E-4454-A53D-DD32EFB6CC76}.Release|Any CPU.Build.0 = Release|Any CPU
		{6B51320F-8EF8-4455-9247-238981061669}.Debug|Any CPU.ActiveCfg = Debug|Any CPU
		{6B51320F-8EF8-4455-9247-238981061669}.Debug|Any CPU.Build.0 = Debug|Any CPU
		{6B51320F-8EF8-4455-9247-238981061669}.Debug|Any CPU.Deploy.0 = Debug|Any CPU
		{6B51320F-8EF8-4455-9247-238981061669}.Release|Any CPU.ActiveCfg = Release|Any CPU
		{6B51320F-8EF8-4455-9247-238981061669}.Release|Any CPU.Build.0 = Release|Any CPU
		{6B51320F-8EF8-4455-9247-238981061669}.Release|Any CPU.Deploy.0 = Release|Any CPU
	EndGlobalSection
	GlobalSection(SolutionProperties) = preSolution
		HideSolutionNode = FALSE
	EndGlobalSection
	GlobalSection(ExtensibilityGlobals) = postSolution
		SolutionGuid = {93368FC9-941E-4C57-992F-51ECB004FB43}
	EndGlobalSection
EndGlobal
